
Microsoft Visual Studio Solution File, Format Version 12.00
# Visual Studio Version 17
VisualStudioVersion = 17.14.37111.16
MinimumVisualStudioVersion = 10.0.40219.1
Project("{FAE04EC0-301F-11D3-BF4B-00C04F79EFBC}") = "erudite", "erudite\erudite.csproj", "{981A4F43-8F93-4041-8329-8FDF66C891F9}"
	ProjectSection(ProjectDependencies) = postProject
		{054974A0-7E28-4FC6-96C6-8B03DE628F11} = {054974A0-7E28-4FC6-96C6-8B03DE628F11}
	EndProjectSection
EndProject
Project("{FAE04EC0-301F-11D3-BF4B-00C04F79EFBC}") = "ClassLibrary", "WinFormsLibrary1\ClassLibrary.csproj", "{054974A0-7E28-4FC6-96C6-8B03DE628F11}"
EndProject
Global
	GlobalSection(SolutionConfigurationPlatforms) = preSolution
		Debug|Any CPU = Debug|Any CPU
		Release|Any CPU = Release|Any CPU
	EndGlobalSection
	GlobalSection(ProjectConfigurationPlatforms) = postSolution
		{981A4F43-8F93-4041-8329-8FDF66C891F9}.Debug|Any CPU.ActiveCfg = Debug|Any CPU
		{981A4F43-8F93-4041-8329-8FDF66C891F9}.Debug|Any CPU.Build.0 = Debug|Any CPU
		{981A4F43-8F93-4041-8329-8FDF66C891F9}.Release|Any CPU.ActiveCfg = Release|Any CPU
		{981A4F43-8F93-4041-8329-8FDF66C891F9}.Release|Any CPU.Build.0 = Release|Any CPU
		{054974A0-7E28-4FC6-96C6-8B03DE628F11}.Debug|Any CPU.ActiveCfg = Debug|Any CPU
		{054974A0-7E28-4FC6-96C6-8B03DE628F11}.Debug|Any CPU.Build.0 = Debug|Any CPU
		{054974A0-7E28-4FC6-96C6-8B03DE628F11}.Release|Any CPU.ActiveCfg = Release|Any CPU
		{054974A0-7E28-4FC6-96C6-8B03DE628F11}.Release|Any CPU.Build.0 = Release|Any CPU
	EndGlobalSection
	GlobalSection(SolutionProperties) = preSolution
		HideSolutionNode = FALSE
	EndGlobalSection
	GlobalSection(ExtensibilityGlobals) = postSolution
		SolutionGuid = {B1CDFFA8-15C7-4A3A-A2E9-D15F6F44A452}
	EndGlobalSection
EndGlobal
